
Microsoft Visual Studio Solution File, Format Version 12.00
# Visual Studio Version 17
VisualStudioVersion = 17.5.33530.505
MinimumVisualStudioVersion = 10.0.40219.1
Project("{FAE04EC0-301F-11D3-BF4B-00C04F79EFBC}") = "SafeInvent", "SafeInvent\SafeInvent.csproj", "{C155B916-0525-4C63-8644-DD3EC15ED43C}"
EndProject
Project("{FAE04EC0-301F-11D3-BF4B-00C04F79EFBC}") = "CapaLogica", "CapaLogica\CapaLogica.csproj", "{F1677A5D-86D7-434F-B3EE-EBD4BB36DEDB}"
EndProject
Global
	GlobalSection(SolutionConfigurationPlatforms) = preSolution
		Debug|Any CPU = Debug|Any CPU
		Release|Any CPU = Release|Any CPU
	EndGlobalSection
	GlobalSection(ProjectConfigurationPlatforms) = postSolution
		{C155B916-0525-4C63-8644-DD3EC15ED43C}.Debug|Any CPU.ActiveCfg = Debug|Any CPU
		{C155B916-0525-4C63-8644-DD3EC15ED43C}.Debug|Any CPU.Build.0 = Debug|Any CPU
		{C155B916-0525-4C63-8644-DD3EC15ED43C}.Release|Any CPU.ActiveCfg = Release|Any CPU
		{C155B916-0525-4C63-8644-DD3EC15ED43C}.Release|Any CPU.Build.0 = Release|Any CPU
		{F1677A5D-86D7-434F-B3EE-EBD4BB36DEDB}.Debug|Any CPU.ActiveCfg = Debug|Any CPU
		{F1677A5D-86D7-434F-B3EE-EBD4BB36DEDB}.Debug|Any CPU.Build.0 = Debug|Any CPU
		{F1677A5D-86D7-434F-B3EE-EBD4BB36DEDB}.Release|Any CPU.ActiveCfg = Release|Any CPU
		{F1677A5D-86D7-434F-B3EE-EBD4BB36DEDB}.Release|Any CPU.Build.0 = Release|Any CPU
	EndGlobalSection
	GlobalSection(SolutionProperties) = preSolution
		HideSolutionNode = FALSE
	EndGlobalSection
	GlobalSection(ExtensibilityGlobals) = postSolution
		SolutionGuid = {61B26B8C-268A-4FDE-9B19-E7FF8F36121C}
	EndGlobalSection
EndGlobal
